# This file is automatically @generated by Poetry 2.4.1 and should not be changed by hand.

[[package]]
name = "colorama"
version = "0.4.6"
description = "Cross-platform colored terminal text."
optional = false
python-versions = "!=3.0.*,!=3.1.*,!=3.2.*,!=3.3.*,!=3.4.*,!=3.5.*,!=3.6.*,>=2.7"
groups = ["dev"]
markers = "sys_platform == \"win32\""
files = [
    {file = "colorama-0.4.6-py2.py3-none-any.whl", hash = "sha256:4f1d9991f5acc0ca119f9d443620b77f9d6b33703e51011c16baf57afb285fc6"},
    {file = "colorama-0.4.6.tar.gz", hash = "sha256:08695f5cb7ed6e0531a20572697297273c47b8cae5a63ffc6d6ed5c201be6e44"},
]

[[package]]
name = "exceptiongroup"
version = "1.3.1"
description = "Backport of PEP 654 (exception groups)"
optional = false
python-versions = ">=3.7"
groups = ["dev"]
markers = "python_version == \"3.10\""
files = [
    {file = "exceptiongroup-1.3.1-py3-none-any.whl", hash = "sha256:a7a39a3bd276781e98394987d3a5701d0c4edffb633bb7a5144577f82c773598"},
    {file = "exceptiongroup-1.3.1.tar.gz", hash = "sha256:8b412432c6055b0b7d14c310000ae93352ed6754f70fa8f7c34141f91c4e3219"},
]

[package.dependencies]
typing-extensions = {version = ">=4.6.0", markers = "python_version < \"3.13\""}

[package.extras]
test = ["pytest (>=6)"]

[[package]]
name = "hypothesis"
version = "6.156.4"
description = "The property-based testing library for Python"
optional = false
python-versions = ">=3.10"
groups = ["dev"]
files = [
    {file = "hypothesis-6.156.4-cp310-abi3-macosx_10_12_x86_64.whl", hash = "sha256:ba523e6ab93ee51f933ebab5bb62dadfd20762922b93e9f48b31655f1343fbd2"},
    {file = "hypothesis-6.156.4-cp310-abi3-macosx_11_0_arm64.whl", hash = "sha256:eb225cfab4553913f3bbd535c688ffa684c70432810a0b50555bd8cf70dbdd09"},
    {file = "hypothesis-6.156.4-cp310-abi3-manylinux_2_17_aarch64.manylinux2014_aarch64.whl", hash = "sha256:eb061eefe1c25a2b3432b2d801f4931510bddc4a6f10c6b23f0c0d8215262bf7"},
    {file = "hypothesis-6.156.4-cp310-abi3-manylinux_2_17_x86_64.manylinux2014_x86_64.whl", hash = "sha256:3250aa89a3cfacdf601c86d8eafa4a47161e05062afe851a2650d5c6c5fc8a4d"},
    {file = "hypothesis-6.156.4-cp310-abi3-musllinux_1_2_aarch64.whl", hash = "sha256:60ceff7f4a058eeec032e7ad4e18aeff58860cd5819a88db78b0a49ccce25cc4"},
    {file = "hypothesis-6.156.4-cp310-abi3-musllinux_1_2_x86_64.whl", hash = "sha256:7ebada1b9ec964600a68e05a289abd8ee12edde02abc92653783f03346abfa5e"},
    {file = "hypothesis-6.156.4-cp310-abi3-win_amd64.whl", hash = "sha256:d0d82e00b61a3866d97cbb43dce54532e352f93bf7f0600b3f1d00a7f24a88f5"},
    {file = "hypothesis-6.156.4-cp310-cp310-macosx_10_12_x86_64.whl", hash = "sha256:691359d6be93a2068f6572b4cc12426019153d7a1f483bfe0a448c9702b2625c"},
    {file = "hypothesis-6.156.4-cp310-cp310-macosx_11_0_arm64.whl", hash = "sha256:50365787f19957b9f112328886b6c9bbb07050101412795619604c8851996a91"},
    {file = "hypothesis-6.156.4-cp310-cp310-manylinux_2_17_aarch64.manylinux2014_aarch64.whl", hash = "sha256:d7a3ce45187480db4872b86ae48781382c62d00e09dd49693dc5538f69f43815"},
    {file = "hypothesis-6.156.4-cp310-cp310-manylinux_2_17_x86_64.manylinux2014_x86_64.whl", hash = "sha256:60d4de09acffd07768884eea5de9927494d48cf9dbf1a45ce9a1636975ad1e47"},
    {file = "hypothesis-6.156.4-cp310-cp310-musllinux_1_2_aarch64.whl", hash = "sha256:e7a6c2067231090987f2bdde62ae27090d252f0d55535898ca5664336ec2ce03"},
    {file = "hypothesis-6.156.4-cp310-cp310-musllinux_1_2_x86_64.whl", hash = "sha256:1675c631676293c66e47356a8f9abcd4f1279e2d0ecc4a773ceeb5ac546e70d5"},
    {file = "hypothesis-6.156.4-cp310-cp310-win_amd64.whl", hash = "sha256:b830494c358ff6efd3504c0c1945e2832974d2cd31fde62d706a40a64f3ab4a6"},
    {file = "hypothesis-6.156.4-cp311-cp311-macosx_10_12_x86_64.whl", hash = "sha256:c6f5e041118701df743c561e22008d1eeecb5305e03291d8a3d3468946a9be5d"},
    {file = "hypothesis-6.156.4-cp311-cp311-macosx_11_0_arm64.whl", hash = "sha256:ce644bf50fc3fec1ca4b993618ece303c7036a3cd833b26b33392a3134dd7070"},
    {file = "hypothesis-6.156.4-cp311-cp311-manylinux_2_17_aarch64.manylinux2014_aarch64.whl", hash = "sha256:77687165ad9fe324112ff098e598b5483c467840f2594feae47ce0e71ba12ff6"},
    {file = "hypothesis-6.156.4-cp311-cp311-manylinux_2_17_x86_64.manylinux2014_x86_64.whl", hash = "sha256:8f3ac237d1377e201398d5c81aed0dfca85ecb47538f5df477b27f968123d917"},
    {file = "hypothesis-6.156.4-cp311-cp311-musllinux_1_2_aarch64.whl", hash = "sha256:c3dd6e9847b738c12d1b9878f7eb6cba5970aec5e30de148aa510c6bdab3d617"},
    {file = "hypothesis-6.156.4-cp311-cp311-musllinux_1_2_x86_64.whl", hash = "sha256:aaa4aa4045e0f7e542af06812feb241af71107b77f73a7e7599d6f70af358f18"},
    {file = "hypothesis-6.156.4-cp311-cp311-win_amd64.whl", hash = "sha256:5b9a53b9c40dff7e6b97d4b0535576c8662dcf42315abc75deb5d190269c574e"},
    {file = "hypothesis-6.156.4-cp312-cp312-macosx_10_12_x86_64.whl", hash = "sha256:f6958df0438cf9115fb880afaa9f02fb1ebcbefc763c4c374737ad4ca3f11cae"},
    {file = "hypothesis-6.156.4-cp312-cp312-macosx_11_0_arm64.whl", hash = "sha256:ad091a3110fd5c4731251068c049a48fb33a9ef01f5901b88a81c68ab70c943b"},
    {file = "hypothesis-6.156.4-cp312-cp312-manylinux_2_17_aarch64.manylinux2014_aarch64.whl", hash = "sha256:15de4176d0365c9855898f75cf2986be6f361643c08f0d1bc154a89779a9cb89"},
    {file = "hypothesis-6.156.4-cp312-cp312-manylinux_2_17_x86_64.manylinux2014_x86_64.whl", hash = "sha256:19b70642500369f70743321e03359d2504e5f4d62cfd0046054867f79965d8bb"},
    {file = "hypothesis-6.156.4-cp312-cp312-musllinux_1_2_aarch64.whl", hash = "sha256:7b7232c9ea9f947b6b5b1c317ac9ce988af2fbb076fa5a4836ff8e1d20f1b176"},
    {file = "hypothesis-6.156.4-cp312-cp312-musllinux_1_2_x86_64.whl", hash = "sha256:bedc54bb398eaf54b9e1d88744c89b559fc8bf165c3e603f821cc53754ade241"},
    {file = "hypothesis-6.156.4-cp312-cp312-win_amd64.whl", hash = "sha256:b4217076cb7169fc17c32b06206c4503ad71d740eed0b3c20023a11f04418179"},
    {file = "hypothesis-6.156.4-cp313-cp313-macosx_10_12_x86_64.whl", hash = "sha256:2c799aee207d5ecf5af2fbf86250806245618e58cdb41c4606718a9ed001c706"},
    {file = "hypothesis-6.156.4-cp313-cp313-macosx_11_0_arm64.whl", hash = "sha256:e7af68750ed3ebcf32540e32fe111850fc40e9ba15be2613ef7f04620c51669c"},
    {file = "hypothesis-6.156.4-cp313-cp313-manylinux_2_17_aarch64.manylinux2014_aarch64.whl", hash = "sha256:32e4c6988898e9e21c97f48b941cf1e10a5ea4f31db82e5722c1bf777d17c3dc"},
    {file = "hypothesis-6.156.4-cp313-cp313-manylinux_2_17_x86_64.manylinux2014_x86_64.whl", hash = "sha256:07f7207655919eedda6d888ca6cfcf83eeedff3fc34fc6a83aabe197fed4966b"},
    {file = "hypothesis-6.156.4-cp313-cp313-musllinux_1_2_aarch64.whl", hash = "sha256:1db6caf5718eb90dad5d86254961bf2eda319542e9e0479c562327f649c2115b"},
    {file = "hypothesis-6.156.4-cp313-cp313-musllinux_1_2_x86_64.whl", hash = "sha256:5afdcd0f320dc4b443c51722860a893dcf03a12e5cd17e68143b28461a1c9da2"},
    {file = "hypothesis-6.156.4-cp313-cp313-win_amd64.whl", hash = "sha256:32f63111e79020e530913673c2ef91642fc297ae552364acde00f70d50142b9a"},
    {file = "hypothesis-6.156.4-cp314-cp314-macosx_10_12_x86_64.whl", hash = "sha256:a946f12823c004bc02d7cbdc9c2eb1943cb9c7f05c95f014e353d53e9c50ab14"},
    {file = "hypothesis-6.156.4-cp314-cp314-macosx_11_0_arm64.whl", hash = "sha256:bedff9adcf0ad5fd8ce4d6ea5dda29ae316b0856beef4236460020a55ed30020"},
    {file = "hypothesis-6.156.4-cp314-cp314-manylinux_2_17_aarch64.manylinux2014_aarch64.whl", hash = "sha256:19aaa6c1f6a1d11b40e97ac62a58b5f2e4481e8c8b1ef132b582dd61dcc0e5b4"},
    {file = "hypothesis-6.156.4-cp314-cp314-manylinux_2_17_x86_64.manylinux2014_x86_64.whl", hash = "sha256:d058917bdc3c7e575461ba81128d018819061a0291961cf4c90c0c8ed8c21436"},
    {file = "hypothesis-6.156.4-cp314-cp314-musllinux_1_2_aarch64.whl", hash = "sha256:bbb5ea5be2f9ee115332a896eb45ab4018aee13a702a4562a29947d7206ef65d"},
    {file = "hypothesis-6.156.4-cp314-cp314-musllinux_1_2_x86_64.whl", hash = "sha256:2ce314d1dff756be7b0173ab8c72697bbe4c831ed765b8ef6b1aeb0a7056da42"},
    {file = "hypothesis-6.156.4-cp314-cp314-pyemscripten_2026_0_wasm32.whl", hash = "sha256:139b9306e84b8c25c0aef9eec67e096f92fa6557a6088e56e58bdcbd7974f0c4"},
    {file = "hypothesis-6.156.4-cp314-cp314-win_amd64.whl", hash = "sha256:e65d36b2cfb863a15ab3fd81d5de741df9b51f2b56c5f7ecee637b8e9333938d"},
    {file = "hypothesis-6.156.4-cp314-cp314t-macosx_10_12_x86_64.whl", hash = "sha256:454b2ea256feda13edd8c9514f2898a949e4f96b0156c67a852cbfe1f777055a"},
    {file = "hypothesis-6.156.4-cp314-cp314t-macosx_11_0_arm64.whl", hash = "sha256:8db65e17fb1e6dcaf34d4ad69a104d1437409e58178fc752b6344394d0a35f71"},
    {file = "hypothesis-6.156.4-cp314-cp314t-manylinux_2_17_aarch64.manylinux2014_aarch64.whl", hash = "sha256:44af150302f88aec7f0b90566c0f27edb847f0d23cbe729fe75cfe582089366e"},
    {file = "hypothesis-6.156.4-cp314-cp314t-manylinux_2_17_x86_64.manylinux2014_x86_64.whl", hash = "sha256:2f7707302553bddf84826a44821055b2ddf460c9199a92bd60f0da8b39b42872"},
    {file = "hypothesis-6.156.4-cp314-cp314t-musllinux_1_2_aarch64.whl", hash = "sha256:618e7edf24c9b1d932f0ba835ee5f8571a197143bbaf5467a5c8f180f96494ee"},
    {file = "hypothesis-6.156.4-cp314-cp314t-musllinux_1_2_x86_64.whl", hash = "sha256:ff172915bafafc827981f3bab3bd076ad96e05d108c43a19373ccf3be085c727"},
    {file = "hypothesis-6.156.4-cp314-cp314t-win_amd64.whl", hash = "sha256:0725c7e2c3bd863e75aae8d5be1f650abc9a3774200055461e1142625af9419c"},
    {file = "hypothesis-6.156.4-pp311-pypy311_pp73-macosx_10_12_x86_64.whl", hash = "sha256:6f3bef67bd9ddce33ee9017f05a3670eac2518f27f80a9ab3112ac4d7772f293"},
    {file = "hypothesis-6.156.4-pp311-pypy311_pp73-macosx_11_0_arm64.whl", hash = "sha256:0ca6a4785c058257a729daa218d9c9d06d05db42da4f52484c590f57f7905d5b"},
    {file = "hypothesis-6.156.4-pp311-pypy311_pp73-manylinux_2_17_aarch64.manylinux2014_aarch64.whl", hash = "sha256:e7338ee15ee84ef994ae3d1a2e71d25c82713bf5ec27f55442755ae15e38369b"},
    {file = "hypothesis-6.156.4-pp311-pypy311_pp73-manylinux_2_17_x86_64.manylinux2014_x86_64.whl", hash = "sha256:539be6819696560c23ff6c0d0af4e7c1ea4936123f4433b511977a79adc371d5"},
    {file = "hypothesis-6.156.4-pp311-pypy311_pp73-win_amd64.whl", hash = "sha256:b1717bc41d1a0683470f950c565ade33a52c28f600b1aa824d74f651a36e2c7b"},
    {file = "hypothesis-6.156.4.tar.gz", hash = "sha256:38deb10b31ba18dfdbf9f6803711720148cea5e493a298dfb187c2fe72456791"},
]

[package.dependencies]
exceptiongroup = {version = ">=1.0.0", markers = "python_full_version < \"3.11.0\""}
sortedcontainers = ">=2.1.0,<3.0.0"

[package.extras]
all = ["black (>=20.8b0)", "click (>=7.0)", "crosshair-tool (>=0.0.107)", "django (>=5.2)", "dpcontracts (>=0.4)", "hypothesis-crosshair (>=0.0.28)", "lark (>=0.10.1)", "libcst (>=0.3.16)", "numpy (>=1.21.6)", "pandas (>=1.1)", "pytest (>=4.6)", "python-dateutil (>=1.4)", "pytz (>=2014.1)", "redis (>=3.0.0)", "rich (>=9.0.0)", "tzdata (>=2026.2) ; sys_platform == \"emscripten\" or sys_platform == \"win32\"", "watchdog (>=4.0.0)"]
cli = ["black (>=20.8b0)", "click (>=7.0)", "rich (>=9.0.0)"]
codemods = ["libcst (>=0.3.16)"]
crosshair = ["crosshair-tool (>=0.0.107)", "hypothesis-crosshair (>=0.0.28)"]
dateutil = ["python-dateutil (>=1.4)"]
django = ["django (>=5.2)"]
dpcontracts = ["dpcontracts (>=0.4)"]
ghostwriter = ["black (>=20.8b0)"]
lark = ["lark (>=0.10.1)"]
numpy = ["numpy (>=1.21.6)"]
pandas = ["pandas (>=1.1)"]
pytest = ["pytest (>=4.6)"]
pytz = ["pytz (>=2014.1)"]
redis = ["redis (>=3.0.0)"]
watchdog = ["watchdog (>=4.0.0)"]
zoneinfo = ["tzdata (>=2026.2) ; sys_platform == \"emscripten\" or sys_platform == \"win32\""]

[[package]]
name = "iniconfig"
version = "2.3.0"
description = "brain-dead simple config-ini parsing"
optional = false
python-versions = ">=3.10"
groups = ["dev"]
files = [
    {file = "iniconfig-2.3.0-py3-none-any.whl", hash = "sha256:f631c04d2c48c52b84d0d0549c99ff3859c98df65b3101406327ecc7d53fbf12"},
    {file = "iniconfig-2.3.0.tar.gz", hash = "sha256:c76315c77db068650d49c5b56314774a7804df16fee4402c1f19d6d15d8c4730"},
]

[[package]]
name = "packaging"
version = "26.2"
description = "Core utilities for Python packages"
optional = false
python-versions = ">=3.8"
groups = ["dev"]
files = [
    {file = "packaging-26.2-py3-none-any.whl", hash = "sha256:5fc45236b9446107ff2415ce77c807cee2862cb6fac22b8a73826d0693b0980e"},
    {file = "packaging-26.2.tar.gz", hash = "sha256:ff452ff5a3e828ce110190feff1178bb1f2ea2281fa2075aadb987c2fb221661"},
]

[[package]]
name = "pathspec"
version = "1.1.1"
description = "Utility library for gitignore style pattern matching of file paths."
optional = false
python-versions = ">=3.9"
groups = ["dev"]
files = [
    {file = "pathspec-1.1.1-py3-none-any.whl", hash = "sha256:a00ce642f577bf7f473932318056212bc4f8bfdf53128c78bbd5af0b9b20b189"},
    {file = "pathspec-1.1.1.tar.gz", hash = "sha256:17db5ecd524104a120e173814c90367a96a98d07c45b2e10c2f3919fff91bf5a"},
]

[package.extras]
hyperscan = ["hyperscan (>=0.7)"]
optional = ["typing-extensions (>=4)"]
re2 = ["google-re2 (>=1.1)"]

[[package]]
name = "pluggy"
version = "1.6.0"
description = "plugin and hook calling mechanisms for python"
optional = false
python-versions = ">=3.9"
groups = ["dev"]
files = [
    {file = "pluggy-1.6.0-py3-none-any.whl", hash = "sha256:e920276dd6813095e9377c0bc5566d94c932c33b27a3e3945d8389c374dd4746"},
    {file = "pluggy-1.6.0.tar.gz", hash = "sha256:7dcc130b76258d33b90f61b658791dede3486c3e6bfb003ee5c9bfb396dd22f3"},
]

[package.extras]
dev = ["pre-commit", "tox"]
testing = ["coverage", "pytest", "pytest-benchmark"]

[[package]]
name = "py-cpuinfo"
version = "9.0.0"
description = "Get CPU info with pure Python"
optional = false
python-versions = "*"
groups = ["dev"]
files = [
    {file = "py-cpuinfo-9.0.0.tar.gz", hash = "sha256:3cdbbf3fac90dc6f118bfd64384f309edeadd902d7c8fb17f02ffa1fc3f49690"},
    {file = "py_cpuinfo-9.0.0-py3-none-any.whl", hash = "sha256:859625bc251f64e21f077d099d4162689c762b5d6a4c3c97553d56241c9674d5"},
]

[[package]]
name = "pybind11"
version = "2.13.6"
description = "Seamless operability between C++11 and Python"
optional = false
python-versions = ">=3.7"
groups = ["main"]
files = [
    {file = "pybind11-2.13.6-py3-none-any.whl", hash = "sha256:237c41e29157b962835d356b370ededd57594a26d5894a795960f0047cb5caf5"},
    {file = "pybind11-2.13.6.tar.gz", hash = "sha256:ba6af10348c12b24e92fa086b39cfba0eff619b61ac77c406167d813b096d39a"},
]

[package.extras]
global = ["pybind11-global (==2.13.6)"]

[[package]]
name = "pygments"
version = "2.20.0"
description = "Pygments is a syntax highlighting package written in Python."
optional = false
python-versions = ">=3.9"
groups = ["dev"]
files = [
    {file = "pygments-2.20.0-py3-none-any.whl", hash = "sha256:81a9e26dd42fd28a23a2d169d86d7ac03b46e2f8b59ed4698fb4785f946d0176"},
    {file = "pygments-2.20.0.tar.gz", hash = "sha256:6757cd03768053ff99f3039c1a36d6c0aa0b263438fcab17520b30a303a82b5f"},
]

[package.extras]
windows-terminal = ["colorama (>=0.4.6)"]

[[package]]
name = "pytest"
version = "9.1.1"
description = "pytest: simple powerful testing with Python"
optional = false
python-versions = ">=3.10"
groups = ["dev"]
files = [
    {file = "pytest-9.1.1-py3-none-any.whl", hash = "sha256:37a86b45efb9a47a61a36449063e8e18d0cab3161329fc099eb21783169c4f0c"},
    {file = "pytest-9.1.1.tar.gz", hash = "sha256:1088fbde8f2b49d95a549a195707afa7a76a3ce9bcadc26b6d71f0ffda5fe313"},
]

[package.dependencies]
colorama = {version = ">=0.4", markers = "sys_platform == \"win32\""}
exceptiongroup = {version = ">=1", markers = "python_version < \"3.11\""}
iniconfig = ">=1.0.1"
packaging = ">=22"
pluggy = ">=1.5,<2"
pygments = ">=2.7.2"
tomli = {version = ">=1", markers = "python_version < \"3.11\""}

[package.extras]
dev = ["argcomplete", "attrs (>=19.2)", "hypothesis (>=3.56)", "mock", "requests", "setuptools", "xmlschema"]

[[package]]
name = "pytest-benchmark"
version = "5.2.3"
description = "A ``pytest`` fixture for benchmarking code. It will group the tests into rounds that are calibrated to the chosen timer."
optional = false
python-versions = ">=3.9"
groups = ["dev"]
files = [
    {file = "pytest_benchmark-5.2.3-py3-none-any.whl", hash = "sha256:bc839726ad20e99aaa0d11a127445457b4219bdb9e80a1afc4b51da7f96b0803"},
    {file = "pytest_benchmark-5.2.3.tar.gz", hash = "sha256:deb7317998a23c650fd4ff76e1230066a76cb45dcece0aca5607143c619e7779"},
]

[package.dependencies]
py-cpuinfo = "*"
pytest = ">=8.1"

[package.extras]
aspect = ["aspectlib"]
elasticsearch = ["elasticsearch"]
histogram = ["pygal", "pygaljs", "setuptools"]

[[package]]
name = "scikit-build-core"
version = "1.0.1"
description = "Build backend for CMake based projects"
optional = false
python-versions = ">=3.8"
groups = ["dev"]
files = [
    {file = "scikit_build_core-1.0.1-py3-none-any.whl", hash = "sha256:1b3a660e819b6a99908f01d1df3fbcc75ef3aaa4c1bbf7d6c88de11d1ff21393"},
    {file = "scikit_build_core-1.0.1.tar.gz", hash = "sha256:9f3c02e88c7722aa351f17b75758ccf8f8e32537e7a29e8961311777c0b35a40"},
]

[package.dependencies]
exceptiongroup = {version = ">=1.0", markers = "python_version < \"3.11\""}
packaging = ">=23.2"
pathspec = ">=0.12.0"
tomli = {version = ">=1.2.2", markers = "python_version < \"3.11\""}
typing-extensions = {version = ">=4", markers = "python_version < \"3.11\""}

[package.extras]
hatchling = ["hatchling (>=1.24)"]
setuptools = ["setuptools (>=43) ; python_version < \"3.9\"", "setuptools (>=45) ; python_version == \"3.9\"", "setuptools (>=49) ; python_version >= \"3.10\" and python_version < \"3.12\"", "setuptools (>=66.1) ; python_version >= \"3.12\""]
wheel-free-setuptools = ["setuptools (>=70.1) ; python_version >= \"3.8\""]
wheels = ["cmake", "ninja ; sys_platform != \"win32\""]

[[package]]
name = "sortedcontainers"
version = "2.4.0"
description = "Sorted Containers -- Sorted List, Sorted Dict, Sorted Set"
optional = false
python-versions = "*"
groups = ["dev"]
files = [
    {file = "sortedcontainers-2.4.0-py2.py3-none-any.whl", hash = "sha256:a163dcaede0f1c021485e957a39245190e74249897e2ae4b2aa38595db237ee0"},
    {file = "sortedcontainers-2.4.0.tar.gz", hash = "sha256:25caa5a06cc30b6b83d11423433f65d1f9d76c4c6a0c90e3379eaa43b9bfdb88"},
]

[[package]]
name = "tomli"
version = "2.4.1"
description = "A lil' TOML parser"
optional = false
python-versions = ">=3.8"
groups = ["dev"]
markers = "python_version == \"3.10\""
files = [
    {file = "tomli-2.4.1-cp311-cp311-macosx_10_9_x86_64.whl", hash = "sha256:f8f0fc26ec2cc2b965b7a3b87cd19c5c6b8c5e5f436b984e85f486d652285c30"},
    {file = "tomli-2.4.1-cp311-cp311-macosx_11_0_arm64.whl", hash = "sha256:4ab97e64ccda8756376892c53a72bd1f964e519c77236368527f758fbc36a53a"},
    {file = "tomli-2.4.1-cp311-cp311-manylinux2014_aarch64.manylinux_2_17_aarch64.manylinux_2_28_aarch64.whl", hash = "sha256:96481a5786729fd470164b47cdb3e0e58062a496f455ee41b4403be77cb5a076"},
    {file = "tomli-2.4.1-cp311-cp311-manylinux2014_x86_64.manylinux_2_17_x86_64.manylinux_2_28_x86_64.whl", hash = "sha256:5a881ab208c0baf688221f8cecc5401bd291d67e38a1ac884d6736cbcd8247e9"},
    {file = "tomli-2.4.1-cp311-cp311-musllinux_1_2_aarch64.whl", hash = "sha256:47149d5bd38761ac8be13a84864bf0b7b70bc051806bc3669ab1cbc56216b23c"},
    {file = "tomli-2.4.1-cp311-cp311-musllinux_1_2_x86_64.whl", hash = "sha256:ec9bfaf3ad2df51ace80688143a6a4ebc09a248f6ff781a9945e51937008fcbc"},
    {file = "tomli-2.4.1-cp311-cp311-win32.whl", hash = "sha256:ff2983983d34813c1aeb0fa89091e76c3a22889ee83ab27c5eeb45100560c049"},
    {file = "tomli-2.4.1-cp311-cp311-win_amd64.whl", hash = "sha256:5ee18d9ebdb417e384b58fe414e8d6af9f4e7a0ae761519fb50f721de398dd4e"},
    {file = "tomli-2.4.1-cp311-cp311-win_arm64.whl", hash = "sha256:c2541745709bad0264b7d4705ad453b76ccd191e64aa6f0fc66b69a293a45ece"},
    {file = "tomli-2.4.1-cp312-cp312-macosx_10_13_x86_64.whl", hash = "sha256:c742f741d58a28940ce01d58f0ab2ea3ced8b12402f162f4d534dfe18ba1cd6a"},
    {file = "tomli-2.4.1-cp312-cp312-macosx_11_0_arm64.whl", hash = "sha256:7f86fd587c4ed9dd76f318225e7d9b29cfc5a9d43de44e5754db8d1128487085"},
    {file = "tomli-2.4.1-cp312-cp312-manylinux2014_aarch64.manylinux_2_17_aarch64.manylinux_2_28_aarch64.whl", hash = "sha256:ff18e6a727ee0ab0388507b89d1bc6a22b138d1e2fa56d1ad494586d61d2eae9"},
    {file = "tomli-2.4.1-cp312-cp312-manylinux2014_x86_64.manylinux_2_17_x86_64.manylinux_2_28_x86_64.whl", hash = "sha256:136443dbd7e1dee43c68ac2694fde36b2849865fa258d39bf822c10e8068eac5"},
    {file = "tomli-2.4.1-cp312-cp312-musllinux_1_2_aarch64.whl", hash = "sha256:5e262d41726bc187e69af7825504c933b6794dc3fbd5945e41a79bb14c31f585"},
    {file = "tomli-2.4.1-cp312-cp312-musllinux_1_2_x86_64.whl", hash = "sha256:5cb41aa38891e073ee49d55fbc7839cfdb2bc0e600add13874d048c94aadddd1"},
    {file = "tomli-2.4.1-cp312-cp312-win32.whl", hash = "sha256:da25dc3563bff5965356133435b757a795a17b17d01dbc0f42fb32447ddfd917"},
    {file = "tomli-2.4.1-cp312-cp312-win_amd64.whl", hash = "sha256:52c8ef851d9a240f11a88c003eacb03c31fc1c9c4ec64a99a0f922b93874fda9"},
    {file = "tomli-2.4.1-cp312-cp312-win_arm64.whl", hash = "sha256:f758f1b9299d059cc3f6546ae2af89670cb1c4d48ea29c3cacc4fe7de3058257"},
    {file = "tomli-2.4.1-cp313-cp313-macosx_10_13_x86_64.whl", hash = "sha256:36d2bd2ad5fb9eaddba5226aa02c8ec3fa4f192631e347b3ed28186d43be6b54"},
    {file = "tomli-2.4.1-cp313-cp313-macosx_11_0_arm64.whl", hash = "sha256:eb0dc4e38e6a1fd579e5d50369aa2e10acfc9cace504579b2faabb478e76941a"},
    {file = "tomli-2.4.1-cp313-cp313-manylinux2014_aarch64.manylinux_2_17_aarch64.manylinux_2_28_aarch64.whl", hash = "sha256:c7f2c7f2b9ca6bdeef8f0fa897f8e05085923eb091721675170254cbc5b02897"},
    {file = "tomli-2.4.1-cp313-cp313-manylinux2014_x86_64.manylinux_2_17_x86_64.manylinux_2_28_x86_64.whl", hash = "sha256:f3c6818a1a86dd6dca7ddcaaf76947d5ba31aecc28cb1b67009a5877c9a64f3f"},
    {file = "tomli-2.4.1-cp313-cp313-musllinux_1_2_aarch64.whl", hash = "sha256:d312ef37c91508b0ab2cee7da26ec0b3ed2f03ce12bd87a588d771ae15dcf82d"},
    {file = "tomli-2.4.1-cp313-cp313-musllinux_1_2_x86_64.whl", hash = "sha256:51529d40e3ca50046d7606fa99ce3956a617f9b36380da3b7f0dd3dd28e68cb5"},
    {file = "tomli-2.4.1-cp313-cp313-win32.whl", hash = "sha256:2190f2e9dd7508d2a90ded5ed369255980a1bcdd58e52f7fe24b8162bf9fedbd"},
    {file = "tomli-2.4.1-cp313-cp313-win_amd64.whl", hash = "sha256:8d65a2fbf9d2f8352685bc1364177ee3923d6baf5e7f43ea4959d7d8bc326a36"},
    {file = "tomli-2.4.1-cp313-cp313-win_arm64.whl", hash = "sha256:4b605484e43cdc43f0954ddae319fb75f04cc10dd80d830540060ee7cd0243cd"},
    {file = "tomli-2.4.1-cp314-cp314-macosx_10_15_x86_64.whl", hash = "sha256:fd0409a3653af6c147209d267a0e4243f0ae46b011aa978b1080359fddc9b6cf"},
    {file = "tomli-2.4.1-cp314-cp314-macosx_11_0_arm64.whl", hash = "sha256:a120733b01c45e9a0c34aeef92bf0cf1d56cfe81ed9d47d562f9ed591a9828ac"},
    {file = "tomli-2.4.1-cp314-cp314-manylinux2014_aarch64.manylinux_2_17_aarch64.manylinux_2_28_aarch64.whl", hash = "sha256:559db847dc486944896521f68d8190be1c9e719fced785720d2216fe7022b662"},
    {file = "tomli-2.4.1-cp314-cp314-manylinux2014_x86_64.manylinux_2_17_x86_64.manylinux_2_28_x86_64.whl", hash = "sha256:01f520d4f53ef97964a240a035ec2a869fe1a37dde002b57ebc4417a27ccd853"},
    {file = "tomli-2.4.1-cp314-cp314-musllinux_1_2_aarch64.whl", hash = "sha256:7f94b27a62cfad8496c8d2513e1a222dd446f095fca8987fceef261225538a15"},
    {file = "tomli-2.4.1-cp314-cp314-musllinux_1_2_x86_64.whl", hash = "sha256:ede3e6487c5ef5d28634ba3f31f989030ad6af71edfb0055cbbd14189ff240ba"},
    {file = "tomli-2.4.1-cp314-cp314-win32.whl", hash = "sha256:3d48a93ee1c9b79c04bb38772ee1b64dcf18ff43085896ea460ca8dec96f35f6"},
    {file = "tomli-2.4.1-cp314-cp314-win_amd64.whl", hash = "sha256:88dceee75c2c63af144e456745e10101eb67361050196b0b6af5d717254dddf7"},
    {file = "tomli-2.4.1-cp314-cp314-win_arm64.whl", hash = "sha256:b8c198f8c1805dc42708689ed6864951fd2494f924149d3e4bce7710f8eb5232"},
    {file = "tomli-2.4.1-cp314-cp314t-macosx_10_15_x86_64.whl", hash = "sha256:d4d8fe59808a54658fcc0160ecfb1b30f9089906c50b23bcb4c69eddc19ec2b4"},
    {file = "tomli-2.4.1-cp314-cp314t-macosx_11_0_arm64.whl", hash = "sha256:7008df2e7655c495dd12d2a4ad038ff878d4ca4b81fccaf82b714e07eae4402c"},
    {file = "tomli-2.4.1-cp314-cp314t-manylinux2014_aarch64.manylinux_2_17_aarch64.manylinux_2_28_aarch64.whl", hash = "sha256:1d8591993e228b0c930c4bb0db464bdad97b3289fb981255d6c9a41aedc84b2d"},
    {file = "tomli-2.4.1-cp314-cp314t-manylinux2014_x86_64.manylinux_2_17_x86_64.manylinux_2_28_x86_64.whl", hash = "sha256:734e20b57ba95624ecf1841e72b53f6e186355e216e5412de414e3c51e5e3c41"},
    {file = "tomli-2.4.1-cp314-cp314t-musllinux_1_2_aarch64.whl", hash = "sha256:8a650c2dbafa08d42e51ba0b62740dae4ecb9338eefa093aa5c78ceb546fcd5c"},
    {file = "tomli-2.4.1-cp314-cp314t-musllinux_1_2_x86_64.whl", hash = "sha256:504aa796fe0569bb43171066009ead363de03675276d2d121ac1a4572397870f"},
    {file = "tomli-2.4.1-cp314-cp314t-win32.whl", hash = "sha256:b1d22e6e9387bf4739fbe23bfa80e93f6b0373a7f1b96c6227c32bef95a4d7a8"},
    {file = "tomli-2.4.1-cp314-cp314t-win_amd64.whl", hash = "sha256:2c1c351919aca02858f740c6d33adea0c5deea37f9ecca1cc1ef9e884a619d26"},
    {file = "tomli-2.4.1-cp314-cp314t-win_arm64.whl", hash = "sha256:eab21f45c7f66c13f2a9e0e1535309cee140182a9cdae1e041d02e47291e8396"},
    {file = "tomli-2.4.1-py3-none-any.whl", hash = "sha256:0d85819802132122da43cb86656f8d1f8c6587d54ae7dcaf30e90533028b49fe"},
    {file = "tomli-2.4.1.tar.gz", hash = "sha256:7c7e1a961a0b2f2472c1ac5b69affa0ae1132c39adcb67aba98568702b9cc23f"},
]

[[package]]
name = "typing-extensions"
version = "4.16.0"
description = "Backported and Experimental Type Hints for Python 3.9+"
optional = false
python-versions = ">=3.9"
groups = ["dev"]
markers = "python_version == \"3.10\""
files = [
    {file = "typing_extensions-4.16.0-py3-none-any.whl", hash = "sha256:481caa481374e813c1b176ada14e97f1f67a4539ce9cfeb3f350d78d6370c2e8"},
    {file = "typing_extensions-4.16.0.tar.gz", hash = "sha256:dc983d19a509c94dba722ee6abd33940f7c05a89e243c47e907eb4db6f1a43e5"},
]

[metadata]
lock-version = "2.1"
python-versions = ">=3.10"
content-hash = "7bdca2c1617d1ef1ecebc35d4aa099d9d00fc150ad5e19ecf087ea38d09f322b"
